
Microsoft Visual Studio Solution File, Format Version 12.00
# Visual Studio 2012
Project("{888888A0-9F3D-457C-B088-3A5042F75D52}") = "Warrentech_FontCenter_Web", "Warrentech_FontCenter_Web\Warrentech_FontCenter_Web.pyproj", "{787B0F92-5163-4B32-8B7E-50A49B1BA0E9}"
EndProject
Global
	GlobalSection(SolutionConfigurationPlatforms) = preSolution
		Debug|Any CPU = Debug|Any CPU
		Release|Any CPU = Release|Any CPU
	EndGlobalSection
	GlobalSection(ProjectConfigurationPlatforms) = postSolution
		{787B0F92-5163-4B32-8B7E-50A49B1BA0E9}.Debug|Any CPU.ActiveCfg = Debug|Any CPU
		{787B0F92-5163-4B32-8B7E-50A49B1BA0E9}.Debug|Any CPU.Build.0 = Debug|Any CPU
		{787B0F92-5163-4B32-8B7E-50A49B1BA0E9}.Release|Any CPU.ActiveCfg = Release|Any CPU
		{787B0F92-5163-4B32-8B7E-50A49B1BA0E9}.Release|Any CPU.Build.0 = Release|Any CPU
	EndGlobalSection
	GlobalSection(SolutionProperties) = preSolution
		HideSolutionNode = FALSE
	EndGlobalSection
EndGlobal
